
Microsoft Visual Studio Solution File, Format Version 12.00
# Visual Studio Version 17
VisualStudioVersion = 17.12.35514.174
MinimumVisualStudioVersion = 10.0.40219.1
Project("{FAE04EC0-301F-11D3-BF4B-00C04F79EFBC}") = "T3Menu-API", "T3Menu-API\T3Menu-API.csproj", "{77F8E085-7026-48CB-8433-E3D47615D407}"
EndProject
Project("{FAE04EC0-301F-11D3-BF4B-00C04F79EFBC}") = "T3MenuSharedAPI", "T3MenuShared\T3MenuSharedAPI.csproj", "{C1B4C55D-9613-4926-9CEE-BA0D5A64295D}"
EndProject
Global
	GlobalSection(SolutionConfigurationPlatforms) = preSolution
		Debug|Any CPU = Debug|Any CPU
		Release|Any CPU = Release|Any CPU
	EndGlobalSection
	GlobalSection(ProjectConfigurationPlatforms) = postSolution
		{77F8E085-7026-48CB-8433-E3D47615D407}.Debug|Any CPU.ActiveCfg = Debug|Any CPU
		{77F8E085-7026-48CB-8433-E3D47615D407}.Debug|Any CPU.Build.0 = Debug|Any CPU
		{77F8E085-7026-48CB-8433-E3D47615D407}.Release|Any CPU.ActiveCfg = Release|Any CPU
		{77F8E085-7026-48CB-8433-E3D47615D407}.Release|Any CPU.Build.0 = Release|Any CPU
		{C1B4C55D-9613-4926-9CEE-BA0D5A64295D}.Debug|Any CPU.ActiveCfg = Debug|Any CPU
		{C1B4C55D-9613-4926-9CEE-BA0D5A64295D}.Debug|Any CPU.Build.0 = Debug|Any CPU
		{C1B4C55D-9613-4926-9CEE-BA0D5A64295D}.Release|Any CPU.ActiveCfg = Release|Any CPU
		{C1B4C55D-9613-4926-9CEE-BA0D5A64295D}.Release|Any CPU.Build.0 = Release|Any CPU
	EndGlobalSection
	GlobalSection(SolutionProperties) = preSolution
		HideSolutionNode = FALSE
	EndGlobalSection
EndGlobal
